// !$*UTF8*$!
{
	archiveVersion = 1;
	classes = {
	};
	objectVersion = 56;
	objects = {

/* Begin PBXBuildFile section */
		A7564286296C2AFE004A7EA2 /* RepsoftApp.swift in Sources */ = {isa = PBXBuildFile; fileRef = A7564285296C2AFE004A7EA2 /* RepsoftApp.swift */; };
		A7564288296C2AFE004A7EA2 /* ContentView.swift in Sources */ = {isa = PBXBuildFile; fileRef = A7564287296C2AFE004A7EA2 /* ContentView.swift */; };
		A756428A296C2AFF004A7EA2 /* Assets.xcassets in Resources */ = {isa = PBXBuildFile; fileRef = A7564289296C2AFF004A7EA2 /* Assets.xcassets */; };
		A756428D296C2AFF004A7EA2 /* Preview Assets.xcassets in Resources */ = {isa = PBXBuildFile; fileRef = A756428C296C2AFF004A7EA2 /* Preview Assets.xcassets */; };
		A7564297296C2AFF004A7EA2 /* RepsoftTests.swift in Sources */ = {isa = PBXBuildFile; fileRef = A7564296296C2AFF004A7EA2 /* RepsoftTests.swift */; };
		A75642A1296C2AFF004A7EA2 /* RepsoftUITests.swift in Sources */ = {isa = PBXBuildFile; fileRef = A75642A0296C2AFF004A7EA2 /* RepsoftUITests.swift */; };
		A75642A3296C2AFF004A7EA2 /* RepsoftUITestsLaunchTests.swift in Sources */ = {isa = PBXBuildFile; fileRef = A75642A2296C2AFF004A7EA2 /* RepsoftUITestsLaunchTests.swift */; };
/* End PBXBuildFile section */

/* Begin PBXContainerItemProxy section */
		A7564293296C2AFF004A7EA2 /* PBXContainerItemProxy */ = {
			isa = PBXContainerItemProxy;
			containerPortal = A756427A296C2AFE004A7EA2 /* Project object */;
			proxyType = 1;
			remoteGlobalIDString = A7564281296C2AFE004A7EA2;
			remoteInfo = Repsoft;
		};
		A756429D296C2AFF004A7EA2 /* PBXContainerItemProxy */ = {
			isa = PBXContainerItemProxy;
			containerPortal = A756427A296C2AFE004A7EA2 /* Project object */;
			proxyType = 1;
			remoteGlobalIDString = A7564281296C2AFE004A7EA2;
			remoteInfo = Repsoft;
		};
/* End PBXContainerItemProxy section */

/* Begin PBXFileReference section */
		A7564282296C2AFE004A7EA2 /* Repsoft.app */ = {isa = PBXFileReference; explicitFileType = wrapper.application; includeInIndex = 0; path = Repsoft.app; sourceTree = BUILT_PRODUCTS_DIR; };
		A7564285296C2AFE004A7EA2 /* RepsoftApp.swift */ = {isa = PBXFileReference; lastKnownFileType = sourcecode.swift; path = RepsoftApp.swift; sourceTree = "<group>"; };
		A7564287296C2AFE004A7EA2 /* ContentView.swift */ = {isa = PBXFileReference; lastKnownFileType = sourcecode.swift; path = ContentView.swift; sourceTree = "<group>"; };
		A7564289296C2AFF004A7EA2 /* Assets.xcassets */ = {isa = PBXFileReference; lastKnownFileType = folder.assetcatalog; path = Assets.xcassets; sourceTree = "<group>"; };
		A756428C296C2AFF004A7EA2 /* Preview Assets.xcassets */ = {isa = PBXFileReference; lastKnownFileType = folder.assetcatalog; path = "Preview Assets.xcassets"; sourceTree = "<group>"; };
		A7564292296C2AFF004A7EA2 /* RepsoftTests.xctest */ = {isa = PBXFileReference; explicitFileType = wrapper.cfbundle; includeInIndex = 0; path = RepsoftTests.xctest; sourceTree = BUILT_PRODUCTS_DIR; };
		A7564296296C2AFF004A7EA2 /* RepsoftTests.swift */ = {isa = PBXFileReference; lastKnownFileType = sourcecode.swift; path = RepsoftTests.swift; sourceTree = "<group>"; };
		A756429C296C2AFF004A7EA2 /* RepsoftUITests.xctest */ = {isa = PBXFileReference; explicitFileType = wrapper.cfbundle; includeInIndex = 0; path = RepsoftUITests.xctest; sourceTree = BUILT_PRODUCTS_DIR; };
		A75642A0296C2AFF004A7EA2 /* RepsoftUITests.swift */ = {isa = PBXFileReference; lastKnownFileType = sourcecode.swift; path = RepsoftUITests.swift; sourceTree = "<group>"; };
		A75642A2296C2AFF004A7EA2 /* RepsoftUITestsLaunchTests.swift */ = {isa = PBXFileReference; lastKnownFileType = sourcecode.swift; path = RepsoftUITestsLaunchTests.swift; sourceTree = "<group>"; };
/* End PBXFileReference section */

/* Begin PBXFrameworksBuildPhase section */
		A756427F296C2AFE004A7EA2 /* Frameworks */ = {
			isa = PBXFrameworksBuildPhase;
			buildActionMask = 2147483647;
			files = (
			);
			runOnlyForDeploymentPostprocessing = 0;
		};
		A756428F296C2AFF004A7EA2 /* Frameworks */ = {
			isa = PBXFrameworksBuildPhase;
			buildActionMask = 2147483647;
			files = (
			);
			runOnlyForDeploymentPostprocessing = 0;
		};
		A7564299296C2AFF004A7EA2 /* Frameworks */ = {
			isa = PBXFrameworksBuildPhase;
			buildActionMask = 2147483647;
			files = (
			);
			runOnlyForDeploymentPostprocessing = 0;
		};
/* End PBXFrameworksBuildPhase section */

/* Begin PBXGroup section */
		A7564279296C2AFE004A7EA2 = {
			isa = PBXGroup;
			children = (
				A7564284296C2AFE004A7EA2 /* Repsoft */,
				A7564295296C2AFF004A7EA2 /* RepsoftTests */,
				A756429F296C2AFF004A7EA2 /* RepsoftUITests */,
				A7564283296C2AFE004A7EA2 /* Products */,
			);
			sourceTree = "<group>";
		};
		A7564283296C2AFE004A7EA2 /* Products */ = {
			isa = PBXGroup;
			children = (
				A7564282296C2AFE004A7EA2 /* Repsoft.app */,
				A7564292296C2AFF004A7EA2 /* RepsoftTests.xctest */,
				A756429C296C2AFF004A7EA2 /* RepsoftUITests.xctest */,
			);
			name = Products;
			sourceTree = "<group>";
		};
		A7564284296C2AFE004A7EA2 /* Repsoft */ = {
			isa = PBXGroup;
			children = (
				A7564285296C2AFE004A7EA2 /* RepsoftApp.swift */,
				A7564287296C2AFE004A7EA2 /* ContentView.swift */,
				A7564289296C2AFF004A7EA2 /* Assets.xcassets */,
				A756428B296C2AFF004A7EA2 /* Preview Content */,
			);
			path = Repsoft;
			sourceTree = "<group>";
		};
		A756428B296C2AFF004A7EA2 /* Preview Content */ = {
			isa = PBXGroup;
			children = (
				A756428C296C2AFF004A7EA2 /* Preview Assets.xcassets */,
			);
			path = "Preview Content";
			sourceTree = "<group>";
		};
		A7564295296C2AFF004A7EA2 /* RepsoftTests */ = {
			isa = PBXGroup;
			children = (
				A7564296296C2AFF004A7EA2 /* RepsoftTests.swift */,
			);
			path = RepsoftTests;
			sourceTree = "<group>";
		};
		A756429F296C2AFF004A7EA2 /* RepsoftUITests */ = {
			isa = PBXGroup;
			children = (
				A75642A0296C2AFF004A7EA2 /* RepsoftUITests.swift */,
				A75642A2296C2AFF004A7EA2 /* RepsoftUITestsLaunchTests.swift */,
			);
			path = RepsoftUITests;
			sourceTree = "<group>";
		};
/* End PBXGroup section */

/* Begin PBXNativeTarget section */
		A7564281296C2AFE004A7EA2 /* Repsoft */ = {
			isa = PBXNativeTarget;
			buildConfigurationList = A75642A6296C2AFF004A7EA2 /* Build configuration list for PBXNativeTarget "Repsoft" */;
			buildPhases = (
				A756427E296C2AFE004A7EA2 /* Sources */,
				A756427F296C2AFE004A7EA2 /* Frameworks */,
				A7564280296C2AFE004A7EA2 /* Resources */,
			);
			buildRules = (
			);
			dependencies = (
			);
			name = Repsoft;
			productName = Repsoft;
			productReference = A7564282296C2AFE004A7EA2 /* Repsoft.app */;
			productType = "com.apple.product-type.application";
		};
		A7564291296C2AFF004A7EA2 /* RepsoftTests */ = {
			isa = PBXNativeTarget;
			buildConfigurationList = A75642A9296C2AFF004A7EA2 /* Build configuration list for PBXNativeTarget "RepsoftTests" */;
			buildPhases = (
				A756428E296C2AFF004A7EA2 /* Sources */,
				A756428F296C2AFF004A7EA2 /* Frameworks */,
				A7564290296C2AFF004A7EA2 /* Resources */,
			);
			buildRules = (
			);
			dependencies = (
				A7564294296C2AFF004A7EA2 /* PBXTargetDependency */,
			);
			name = RepsoftTests;
			productName = RepsoftTests;
			productReference = A7564292296C2AFF004A7EA2 /* RepsoftTests.xctest */;
			productType = "com.apple.product-type.bundle.unit-test";
		};
		A756429B296C2AFF004A7EA2 /* RepsoftUITests */ = {
			isa = PBXNativeTarget;
			buildConfigurationList = A75642AC296C2AFF004A7EA2 /* Build configuration list for PBXNativeTarget "RepsoftUITests" */;
			buildPhases = (
				A7564298296C2AFF004A7EA2 /* Sources */,
				A7564299296C2AFF004A7EA2 /* Frameworks */,
				A756429A296C2AFF004A7EA2 /* Resources */,
			);
			buildRules = (
			);
			dependencies = (
				A756429E296C2AFF004A7EA2 /* PBXTargetDependency */,
			);
			name = RepsoftUITests;
			productName = RepsoftUITests;
			productReference = A756429C296C2AFF004A7EA2 /* RepsoftUITests.xctest */;
			productType = "com.apple.product-type.bundle.ui-testing";
		};
/* End PBXNativeTarget section */

/* Begin PBXProject section */
		A756427A296C2AFE004A7EA2 /* Project object */ = {
			isa = PBXProject;
			attributes = {
				BuildIndependentTargetsInParallel = 1;
				LastSwiftUpdateCheck = 1410;
				LastUpgradeCheck = 1410;
				TargetAttributes = {
					A7564281296C2AFE004A7EA2 = {
						CreatedOnToolsVersion = 14.1;
					};
					A7564291296C2AFF004A7EA2 = {
						CreatedOnToolsVersion = 14.1;
						TestTargetID = A7564281296C2AFE004A7EA2;
					};
					A756429B296C2AFF004A7EA2 = {
						CreatedOnToolsVersion = 14.1;
						TestTargetID = A7564281296C2AFE004A7EA2;
					};
				};
			};
			buildConfigurationList = A756427D296C2AFE004A7EA2 /* Build configuration list for PBXProject "Repsoft" */;
			compatibilityVersion = "Xcode 14.0";
			developmentRegion = en;
			hasScannedForEncodings = 0;
			knownRegions = (
				en,
				Base,
			);
			mainGroup = A7564279296C2AFE004A7EA2;
			productRefGroup = A7564283296C2AFE004A7EA2 /* Products */;
			projectDirPath = "";
			projectRoot = "";
			targets = (
				A7564281296C2AFE004A7EA2 /* Repsoft */,
				A7564291296C2AFF004A7EA2 /* RepsoftTests */,
				A756429B296C2AFF004A7EA2 /* RepsoftUITests */,
			);
		};
/* End PBXProject section */

/* Begin PBXResourcesBuildPhase section */
		A7564280296C2AFE004A7EA2 /* Resources */ = {
			isa = PBXResourcesBuildPhase;
			buildActionMask = 2147483647;
			files = (
				A756428D296C2AFF004A7EA2 /* Preview Assets.xcassets in Resources */,
				A756428A296C2AFF004A7EA2 /* Assets.xcassets in Resources */,
			);
			runOnlyForDeploymentPostprocessing = 0;
		};
		A7564290296C2AFF004A7EA2 /* Resources */ = {
			isa = PBXResourcesBuildPhase;
			buildActionMask = 2147483647;
			files = (
			);
			runOnlyForDeploymentPostprocessing = 0;
		};
		A756429A296C2AFF004A7EA2 /* Resources */ = {
			isa = PBXResourcesBuildPhase;
			buildActionMask = 2147483647;
			files = (
			);
			runOnlyForDeploymentPostprocessing = 0;
		};
/* End PBXResourcesBuildPhase section */

/* Begin PBXSourcesBuildPhase section */
		A756427E296C2AFE004A7EA2 /* Sources */ = {
			isa = PBXSourcesBuildPhase;
			buildActionMask = 2147483647;
			files = (
				A7564288296C2AFE004A7EA2 /* ContentView.swift in Sources */,
				A7564286296C2AFE004A7EA2 /* RepsoftApp.swift in Sources */,
			);
			runOnlyForDeploymentPostprocessing = 0;
		};
		A756428E296C2AFF004A7EA2 /* Sources */ = {
			isa = PBXSourcesBuildPhase;
			buildActionMask = 2147483647;
			files = (
				A7564297296C2AFF004A7EA2 /* RepsoftTests.swift in Sources */,
			);
			runOnlyForDeploymentPostprocessing = 0;
		};
		A7564298296C2AFF004A7EA2 /* Sources */ = {
			isa = PBXSourcesBuildPhase;
			buildActionMask = 2147483647;
			files = (
				A75642A3296C2AFF004A7EA2 /* RepsoftUITestsLaunchTests.swift in Sources */,
				A75642A1296C2AFF004A7EA2 /* RepsoftUITests.swift in Sources */,
			);
			runOnlyForDeploymentPostprocessing = 0;
		};
/* End PBXSourcesBuildPhase section */

/* Begin PBXTargetDependency section */
		A7564294296C2AFF004A7EA2 /* PBXTargetDependency */ = {
			isa = PBXTargetDependency;
			target = A7564281296C2AFE004A7EA2 /* Repsoft */;
			targetProxy = A7564293296C2AFF004A7EA2 /* PBXContainerItemProxy */;
		};
		A756429E296C2AFF004A7EA2 /* PBXTargetDependency */ = {
			isa = PBXTargetDependency;
			target = A7564281296C2AFE004A7EA2 /* Repsoft */;
			targetProxy = A756429D296C2AFF004A7EA2 /* PBXContainerItemProxy */;
		};
/* End PBXTargetDependency section */

/* Begin XCBuildConfiguration section */
		A75642A4296C2AFF004A7EA2 /* Debug */ = {
			isa = XCBuildConfiguration;
			buildSettings = {
				ALWAYS_SEARCH_USER_PATHS = NO;
				CLANG_ANALYZER_NONNULL = YES;
				CLANG_ANALYZER_NUMBER_OBJECT_CONVERSION = YES_AGGRESSIVE;
				CLANG_CXX_LANGUAGE_STANDARD = "gnu++20";
				CLANG_ENABLE_MODULES = YES;
				CLANG_ENABLE_OBJC_ARC = YES;
				CLANG_ENABLE_OBJC_WEAK = YES;
				CLANG_WARN_BLOCK_CAPTURE_AUTORELEASING = YES;
				CLANG_WARN_BOOL_CONVERSION = YES;
				CLANG_WARN_COMMA = YES;
				CLANG_WARN_CONSTANT_CONVERSION = YES;
				CLANG_WARN_DEPRECATED_OBJC_IMPLEMENTATIONS = YES;
				CLANG_WARN_DIRECT_OBJC_ISA_USAGE = YES_ERROR;
				CLANG_WARN_DOCUMENTATION_COMMENTS = YES;
				CLANG_WARN_EMPTY_BODY = YES;
				CLANG_WARN_ENUM_CONVERSION = YES;
				CLANG_WARN_INFINITE_RECURSION = YES;
				CLANG_WARN_INT_CONVERSION = YES;
				CLANG_WARN_NON_LITERAL_NULL_CONVERSION = YES;
				CLANG_WARN_OBJC_IMPLICIT_RETAIN_SELF = YES;
				CLANG_WARN_OBJC_LITERAL_CONVERSION = YES;
				CLANG_WARN_OBJC_ROOT_CLASS = YES_ERROR;
				CLANG_WARN_QUOTED_INCLUDE_IN_FRAMEWORK_HEADER = YES;
				CLANG_WARN_RANGE_LOOP_ANALYSIS = YES;
				CLANG_WARN_STRICT_PROTOTYPES = YES;
				CLANG_WARN_SUSPICIOUS_MOVE = YES;
				CLANG_WARN_UNGUARDED_AVAILABILITY = YES_AGGRESSIVE;
				CLANG_WARN_UNREACHABLE_CODE = YES;
				CLANG_WARN__DUPLICATE_METHOD_MATCH = YES;
				COPY_PHASE_STRIP = NO;
				DEBUG_INFORMATION_FORMAT = dwarf;
				ENABLE_STRICT_OBJC_MSGSEND = YES;
				ENABLE_TESTABILITY = YES;
				GCC_C_LANGUAGE_STANDARD = gnu11;
				GCC_DYNAMIC_NO_PIC = NO;
				GCC_NO_COMMON_BLOCKS = YES;
				GCC_OPTIMIZATION_LEVEL = 0;
				GCC_PREPROCESSOR_DEFINITIONS = (
					"DEBUG=1",
					"$(inherited)",
				);
				GCC_WARN_64_TO_32_BIT_CONVERSION = YES;
				GCC_WARN_ABOUT_RETURN_TYPE = YES_ERROR;
				GCC_WARN_UNDECLARED_SELECTOR = YES;
				GCC_WARN_UNINITIALIZED_AUTOS = YES_AGGRESSIVE;
				GCC_WARN_UNUSED_FUNCTION = YES;
				GCC_WARN_UNUSED_VARIABLE = YES;
				IPHONEOS_DEPLOYMENT_TARGET = 16.1;
				MTL_ENABLE_DEBUG_INFO = INCLUDE_SOURCE;
				MTL_FAST_MATH = YES;
				ONLY_ACTIVE_ARCH = YES;
				SDKROOT = iphoneos;
				SWIFT_ACTIVE_COMPILATION_CONDITIONS = DEBUG;
				SWIFT_OPTIMIZATION_LEVEL = "-Onone";
			};
			name = Debug;
		};
		A75642A5296C2AFF004A7EA2 /* Release */ = {
			isa = XCBuildConfiguration;
			buildSettings = {
				ALWAYS_SEARCH_USER_PATHS = NO;
				CLANG_ANALYZER_NONNULL = YES;
				CLANG_ANALYZER_NUMBER_OBJECT_CONVERSION = YES_AGGRESSIVE;
				CLANG_CXX_LANGUAGE_STANDARD = "gnu++20";
				CLANG_ENABLE_MODULES = YES;
				CLANG_ENABLE_OBJC_ARC = YES;
				CLANG_ENABLE_OBJC_WEAK = YES;
				CLANG_WARN_BLOCK_CAPTURE_AUTORELEASING = YES;
				CLANG_WARN_BOOL_CONVERSION = YES;
				CLANG_WARN_COMMA = YES;
				CLANG_WARN_CONSTANT_CONVERSION = YES;
				CLANG_WARN_DEPRECATED_OBJC_IMPLEMENTATIONS = YES;
				CLANG_WARN_DIRECT_OBJC_ISA_USAGE = YES_ERROR;
				CLANG_WARN_DOCUMENTATION_COMMENTS = YES;
				CLANG_WARN_EMPTY_BODY = YES;
				CLANG_WARN_ENUM_CONVERSION = YES;
				CLANG_WARN_INFINITE_RECURSION = YES;
				CLANG_WARN_INT_CONVERSION = YES;
				CLANG_WARN_NON_LITERAL_NULL_CONVERSION = YES;
				CLANG_WARN_OBJC_IMPLICIT_RETAIN_SELF = YES;
				CLANG_WARN_OBJC_LITERAL_CONVERSION = YES;
				CLANG_WARN_OBJC_ROOT_CLASS = YES_ERROR;
				CLANG_WARN_QUOTED_INCLUDE_IN_FRAMEWORK_HEADER = YES;
				CLANG_WARN_RANGE_LOOP_ANALYSIS = YES;
				CLANG_WARN_STRICT_PROTOTYPES = YES;
				CLANG_WARN_SUSPICIOUS_MOVE = YES;
				CLANG_WARN_UNGUARDED_AVAILABILITY = YES_AGGRESSIVE;
				CLANG_WARN_UNREACHABLE_CODE = YES;
				CLANG_WARN__DUPLICATE_METHOD_MATCH = YES;
				COPY_PHASE_STRIP = NO;
				DEBUG_INFORMATION_FORMAT = "dwarf-with-dsym";
				ENABLE_NS_ASSERTIONS = NO;
				ENABLE_STRICT_OBJC_MSGSEND = YES;
				GCC_C_LANGUAGE_STANDARD = gnu11;
				GCC_NO_COMMON_BLOCKS = YES;
				GCC_WARN_64_TO_32_BIT_CONVERSION = YES;
				GCC_WARN_ABOUT_RETURN_TYPE = YES_ERROR;
				GCC_WARN_UNDECLARED_SELECTOR = YES;
				GCC_WARN_UNINITIALIZED_AUTOS = YES_AGGRESSIVE;
				GCC_WARN_UNUSED_FUNCTION = YES;
				GCC_WARN_UNUSED_VARIABLE = YES;
				IPHONEOS_DEPLOYMENT_TARGET = 16.1;
				MTL_ENABLE_DEBUG_INFO = NO;
				MTL_FAST_MATH = YES;
				SDKROOT = iphoneos;
				SWIFT_COMPILATION_MODE = wholemodule;
				SWIFT_OPTIMIZATION_LEVEL = "-O";
				VALIDATE_PRODUCT = YES;
			};
			name = Release;
		};
		A75642A7296C2AFF004A7EA2 /* Debug */ = {
			isa = XCBuildConfiguration;
			buildSettings = {
				ASSETCATALOG_COMPILER_APPICON_NAME = AppIcon;
				ASSETCATALOG_COMPILER_GLOBAL_ACCENT_COLOR_NAME = AccentColor;
				CODE_SIGN_STYLE = Automatic;
				CURRENT_PROJECT_VERSION = 1;
				DEVELOPMENT_ASSET_PATHS = "\"Repsoft/Preview Content\"";
				DEVELOPMENT_TEAM = Q3JR2UM3KB;
				ENABLE_PREVIEWS = YES;
				GENERATE_INFOPLIST_FILE = YES;
				INFOPLIST_KEY_UIApplicationSceneManifest_Generation = YES;
				INFOPLIST_KEY_UIApplicationSupportsIndirectInputEvents = YES;
				INFOPLIST_KEY_UILaunchScreen_Generation = YES;
				INFOPLIST_KEY_UISupportedInterfaceOrientations_iPad = "UIInterfaceOrientationPortrait UIInterfaceOrientationPortraitUpsideDown UIInterfaceOrientationLandscapeLeft UIInterfaceOrientationLandscapeRight";
				INFOPLIST_KEY_UISupportedInterfaceOrientations_iPhone = "UIInterfaceOrientationPortrait UIInterfaceOrientationLandscapeLeft UIInterfaceOrientationLandscapeRight";
				LD_RUNPATH_SEARCH_PATHS = (
					"$(inherited)",
					"@executable_path/Frameworks",
				);
				MARKETING_VERSION = 1.0;
				PRODUCT_BUNDLE_IDENTIFIER = "chetan-nandwal.Repsoft";
				PRODUCT_NAME = "$(TARGET_NAME)";
				SWIFT_EMIT_LOC_STRINGS = YES;
				SWIFT_VERSION = 5.0;
				TARGETED_DEVICE_FAMILY = "1,2";
			};
			name = Debug;
		};
		A75642A8296C2AFF004A7EA2 /* Release */ = {
			isa = XCBuildConfiguration;
			buildSettings = {
				ASSETCATALOG_COMPILER_APPICON_NAME = AppIcon;
				ASSETCATALOG_COMPILER_GLOBAL_ACCENT_COLOR_NAME = AccentColor;
				CODE_SIGN_STYLE = Automatic;
				CURRENT_PROJECT_VERSION = 1;
				DEVELOPMENT_ASSET_PATHS = "\"Repsoft/Preview Content\"";
				DEVELOPMENT_TEAM = Q3JR2UM3KB;
				ENABLE_PREVIEWS = YES;
				GENERATE_INFOPLIST_FILE = YES;
				INFOPLIST_KEY_UIApplicationSceneManifest_Generation = YES;
				INFOPLIST_KEY_UIApplicationSupportsIndirectInputEvents = YES;
				INFOPLIST_KEY_UILaunchScreen_Generation = YES;
				INFOPLIST_KEY_UISupportedInterfaceOrientations_iPad = "UIInterfaceOrientationPortrait UIInterfaceOrientationPortraitUpsideDown UIInterfaceOrientationLandscapeLeft UIInterfaceOrientationLandscapeRight";
				INFOPLIST_KEY_UISupportedInterfaceOrientations_iPhone = "UIInterfaceOrientationPortrait UIInterfaceOrientationLandscapeLeft UIInterfaceOrientationLandscapeRight";
				LD_RUNPATH_SEARCH_PATHS = (
					"$(inherited)",
					"@executable_path/Frameworks",
				);
				MARKETING_VERSION = 1.0;
				PRODUCT_BUNDLE_IDENTIFIER = "chetan-nandwal.Repsoft";
				PRODUCT_NAME = "$(TARGET_NAME)";
				SWIFT_EMIT_LOC_STRINGS = YES;
				SWIFT_VERSION = 5.0;
				TARGETED_DEVICE_FAMILY = "1,2";
			};
			name = Release;
		};
		A75642AA296C2AFF004A7EA2 /* Debug */ = {
			isa = XCBuildConfiguration;
			buildSettings = {
				ALWAYS_EMBED_SWIFT_STANDARD_LIBRARIES = YES;
				BUNDLE_LOADER = "$(TEST_HOST)";
				CODE_SIGN_STYLE = Automatic;
				CURRENT_PROJECT_VERSION = 1;
				DEVELOPMENT_TEAM = Q3JR2UM3KB;
				GENERATE_INFOPLIST_FILE = YES;
				IPHONEOS_DEPLOYMENT_TARGET = 16.1;
				MARKETING_VERSION = 1.0;
				PRODUCT_BUNDLE_IDENTIFIER = "chetan-nandwal.RepsoftTests";
				PRODUCT_NAME = "$(TARGET_NAME)";
				SWIFT_EMIT_LOC_STRINGS = NO;
				SWIFT_VERSION = 5.0;
				TARGETED_DEVICE_FAMILY = "1,2";
				TEST_HOST = "$(BUILT_PRODUCTS_DIR)/Repsoft.app/$(BUNDLE_EXECUTABLE_FOLDER_PATH)/Repsoft";
			};
			name = Debug;
		};
		A75642AB296C2AFF004A7EA2 /* Release */ = {
			isa = XCBuildConfiguration;
			buildSettings = {
				ALWAYS_EMBED_SWIFT_STANDARD_LIBRARIES = YES;
				BUNDLE_LOADER = "$(TEST_HOST)";
				CODE_SIGN_STYLE = Automatic;
				CURRENT_PROJECT_VERSION = 1;
				DEVELOPMENT_TEAM = Q3JR2UM3KB;
				GENERATE_INFOPLIST_FILE = YES;
				IPHONEOS_DEPLOYMENT_TARGET = 16.1;
				MARKETING_VERSION = 1.0;
				PRODUCT_BUNDLE_IDENTIFIER = "chetan-nandwal.RepsoftTests";
				PRODUCT_NAME = "$(TARGET_NAME)";
				SWIFT_EMIT_LOC_STRINGS = NO;
				SWIFT_VERSION = 5.0;
				TARGETED_DEVICE_FAMILY = "1,2";
				TEST_HOST = "$(BUILT_PRODUCTS_DIR)/Repsoft.app/$(BUNDLE_EXECUTABLE_FOLDER_PATH)/Repsoft";
			};
			name = Release;
		};
		A75642AD296C2AFF004A7EA2 /* Debug */ = {
			isa = XCBuildConfiguration;
			buildSettings = {
				ALWAYS_EMBED_SWIFT_STANDARD_LIBRARIES = YES;
				CODE_SIGN_STYLE = Automatic;
				CURRENT_PROJECT_VERSION = 1;
				DEVELOPMENT_TEAM = Q3JR2UM3KB;
				GENERATE_INFOPLIST_FILE = YES;
				MARKETING_VERSION = 1.0;
				PRODUCT_BUNDLE_IDENTIFIER = "chetan-nandwal.RepsoftUITests";
				PRODUCT_NAME = "$(TARGET_NAME)";
				SWIFT_EMIT_LOC_STRINGS = NO;
				SWIFT_VERSION = 5.0;
				TARGETED_DEVICE_FAMILY = "1,2";
				TEST_TARGET_NAME = Repsoft;
			};
			name = Debug;
		};
		A75642AE296C2AFF004A7EA2 /* Release */ = {
			isa = XCBuildConfiguration;
			buildSettings = {
				ALWAYS_EMBED_SWIFT_STANDARD_LIBRARIES = YES;
				CODE_SIGN_STYLE = Automatic;
				CURRENT_PROJECT_VERSION = 1;
				DEVELOPMENT_TEAM = Q3JR2UM3KB;
				GENERATE_INFOPLIST_FILE = YES;
				MARKETING_VERSION = 1.0;
				PRODUCT_BUNDLE_IDENTIFIER = "chetan-nandwal.RepsoftUITests";
				PRODUCT_NAME = "$(TARGET_NAME)";
				SWIFT_EMIT_LOC_STRINGS = NO;
				SWIFT_VERSION = 5.0;
				TARGETED_DEVICE_FAMILY = "1,2";
				TEST_TARGET_NAME = Repsoft;
			};
			name = Release;
		};
/* End XCBuildConfiguration section */

/* Begin XCConfigurationList section */
		A756427D296C2AFE004A7EA2 /* Build configuration list for PBXProject "Repsoft" */ = {
			isa = XCConfigurationList;
			buildConfigurations = (
				A75642A4296C2AFF004A7EA2 /* Debug */,
				A75642A5296C2AFF004A7EA2 /* Release */,
			);
			defaultConfigurationIsVisible = 0;
			defaultConfigurationName = Release;
		};
		A75642A6296C2AFF004A7EA2 /* Build configuration list for PBXNativeTarget "Repsoft" */ = {
			isa = XCConfigurationList;
			buildConfigurations = (
				A75642A7296C2AFF004A7EA2 /* Debug */,
				A75642A8296C2AFF004A7EA2 /* Release */,
			);
			defaultConfigurationIsVisible = 0;
			defaultConfigurationName = Release;
		};
		A75642A9296C2AFF004A7EA2 /* Build configuration list for PBXNativeTarget "RepsoftTests" */ = {
			isa = XCConfigurationList;
			buildConfigurations = (
				A75642AA296C2AFF004A7EA2 /* Debug */,
				A75642AB296C2AFF004A7EA2 /* Release */,
			);
			defaultConfigurationIsVisible = 0;
			defaultConfigurationName = Release;
		};
		A75642AC296C2AFF004A7EA2 /* Build configuration list for PBXNativeTarget "RepsoftUITests" */ = {
			isa = XCConfigurationList;
			buildConfigurations = (
				A75642AD296C2AFF004A7EA2 /* Debug */,
				A75642AE296C2AFF004A7EA2 /* Release */,
			);
			defaultConfigurationIsVisible = 0;
			defaultConfigurationName = Release;
		};
/* End XCConfigurationList section */
	};
	rootObject = A756427A296C2AFE004A7EA2 /* Project object */;
}
